// !$*UTF8*$!
{
	archiveVersion = 1;
	classes = {
	};
	objectVersion = 46;
	objects = {

/* Begin PBXBuildFile section */
		26D8F8BA6C521D294437FE46 /* Pods_fast_templateUITests.framework in Frameworks */ = {isa = PBXBuildFile; fileRef = A115E49378FA69EAC25B0BF3 /* Pods_fast_templateUITests.framework */; };
		3733CFDCBA7DCD911F6E6801 /* Pods_fast_templateTests.framework in Frameworks */ = {isa = PBXBuildFile; fileRef = B4F70D1F09AB907EF10B0F74 /* Pods_fast_templateTests.framework */; };
		772E73511E694DF70093A16E /* LoadingUtil.m in Sources */ = {isa = PBXBuildFile; fileRef = 772E73431E694DF70093A16E /* LoadingUtil.m */; };
		772E73521E694DF70093A16E /* BaseViewController.m in Sources */ = {isa = PBXBuildFile; fileRef = 772E73461E694DF70093A16E /* BaseViewController.m */; };
		772E73531E694DF70093A16E /* GeneralViewController.m in Sources */ = {isa = PBXBuildFile; fileRef = 772E73481E694DF70093A16E /* GeneralViewController.m */; };
		772E73541E694DF70093A16E /* ListViewController.m in Sources */ = {isa = PBXBuildFile; fileRef = 772E734A1E694DF70093A16E /* ListViewController.m */; };
		772E73551E694DF70093A16E /* LoadingMoreViewCell.m in Sources */ = {isa = PBXBuildFile; fileRef = 772E734E1E694DF70093A16E /* LoadingMoreViewCell.m */; };
		772E73561E694DF70093A16E /* TableViewCell.m in Sources */ = {isa = PBXBuildFile; fileRef = 772E73501E694DF70093A16E /* TableViewCell.m */; };
		779D7ADA1D2FA77F00DC98BB /* main.m in Sources */ = {isa = PBXBuildFile; fileRef = 779D7AD91D2FA77F00DC98BB /* main.m */; };
		779D7ADD1D2FA77F00DC98BB /* AppDelegate.m in Sources */ = {isa = PBXBuildFile; fileRef = 779D7ADC1D2FA77F00DC98BB /* AppDelegate.m */; };
		779D7AE01D2FA77F00DC98BB /* ViewController.m in Sources */ = {isa = PBXBuildFile; fileRef = 779D7ADF1D2FA77F00DC98BB /* ViewController.m */; };
		779D7AE31D2FA77F00DC98BB /* Main.storyboard in Resources */ = {isa = PBXBuildFile; fileRef = 779D7AE11D2FA77F00DC98BB /* Main.storyboard */; };
		779D7AE51D2FA77F00DC98BB /* Assets.xcassets in Resources */ = {isa = PBXBuildFile; fileRef = 779D7AE41D2FA77F00DC98BB /* Assets.xcassets */; };
		779D7AE81D2FA77F00DC98BB /* LaunchScreen.storyboard in Resources */ = {isa = PBXBuildFile; fileRef = 779D7AE61D2FA77F00DC98BB /* LaunchScreen.storyboard */; };
		779D7AF31D2FA77F00DC98BB /* fast_templateTests.m in Sources */ = {isa = PBXBuildFile; fileRef = 779D7AF21D2FA77F00DC98BB /* fast_templateTests.m */; };
		779D7AFE1D2FA77F00DC98BB /* fast_templateUITests.m in Sources */ = {isa = PBXBuildFile; fileRef = 779D7AFD1D2FA77F00DC98BB /* fast_templateUITests.m */; };
		9A2FC24149A0A564BB8EEF33 /* Pods_fast_template.framework in Frameworks */ = {isa = PBXBuildFile; fileRef = 9691FACD6EF6E65437C63215 /* Pods_fast_template.framework */; };
/* End PBXBuildFile section */

/* Begin PBXContainerItemProxy section */
		779D7AEF1D2FA77F00DC98BB /* PBXContainerItemProxy */ = {
			isa = PBXContainerItemProxy;
			containerPortal = 779D7ACD1D2FA77F00DC98BB /* Project object */;
			proxyType = 1;
			remoteGlobalIDString = 779D7AD41D2FA77F00DC98BB;
			remoteInfo = "fast-template";
		};
		779D7AFA1D2FA77F00DC98BB /* PBXContainerItemProxy */ = {
			isa = PBXContainerItemProxy;
			containerPortal = 779D7ACD1D2FA77F00DC98BB /* Project object */;
			proxyType = 1;
			remoteGlobalIDString = 779D7AD41D2FA77F00DC98BB;
			remoteInfo = "fast-template";
		};
/* End PBXContainerItemProxy section */

/* Begin PBXFileReference section */
		17B211CDC3058FBA73632814 /* Pods-fast-templateUITests.debug.xcconfig */ = {isa = PBXFileReference; includeInIndex = 1; lastKnownFileType = text.xcconfig; name = "Pods-fast-templateUITests.debug.xcconfig"; path = "Pods/Target Support Files/Pods-fast-templateUITests/Pods-fast-templateUITests.debug.xcconfig"; sourceTree = "<group>"; };
		2D383545956E58E44542757D /* Pods-fast-templateTests.release.xcconfig */ = {isa = PBXFileReference; includeInIndex = 1; lastKnownFileType = text.xcconfig; name = "Pods-fast-templateTests.release.xcconfig"; path = "Pods/Target Support Files/Pods-fast-templateTests/Pods-fast-templateTests.release.xcconfig"; sourceTree = "<group>"; };
		310354C5083BDC9D94773127 /* Pods-fast-templateUITests.release.xcconfig */ = {isa = PBXFileReference; includeInIndex = 1; lastKnownFileType = text.xcconfig; name = "Pods-fast-templateUITests.release.xcconfig"; path = "Pods/Target Support Files/Pods-fast-templateUITests/Pods-fast-templateUITests.release.xcconfig"; sourceTree = "<group>"; };
		3DD48D126E9A67440E6234A0 /* Pods-fast-template.release.xcconfig */ = {isa = PBXFileReference; includeInIndex = 1; lastKnownFileType = text.xcconfig; name = "Pods-fast-template.release.xcconfig"; path = "Pods/Target Support Files/Pods-fast-template/Pods-fast-template.release.xcconfig"; sourceTree = "<group>"; };
		5E1953AA73F8EECACA41609A /* Pods-fast-template.debug.xcconfig */ = {isa = PBXFileReference; includeInIndex = 1; lastKnownFileType = text.xcconfig; name = "Pods-fast-template.debug.xcconfig"; path = "Pods/Target Support Files/Pods-fast-template/Pods-fast-template.debug.xcconfig"; sourceTree = "<group>"; };
		772E73421E694DF70093A16E /* LoadingUtil.h */ = {isa = PBXFileReference; fileEncoding = 4; lastKnownFileType = sourcecode.c.h; path = LoadingUtil.h; sourceTree = "<group>"; };
		772E73431E694DF70093A16E /* LoadingUtil.m */ = {isa = PBXFileReference; fileEncoding = 4; lastKnownFileType = sourcecode.c.objc; path = LoadingUtil.m; sourceTree = "<group>"; };
		772E73451E694DF70093A16E /* BaseViewController.h */ = {isa = PBXFileReference; fileEncoding = 4; lastKnownFileType = sourcecode.c.h; path = BaseViewController.h; sourceTree = "<group>"; };
		772E73461E694DF70093A16E /* BaseViewController.m */ = {isa = PBXFileReference; fileEncoding = 4; lastKnownFileType = sourcecode.c.objc; path = BaseViewController.m; sourceTree = "<group>"; };
		772E73471E694DF70093A16E /* GeneralViewController.h */ = {isa = PBXFileReference; fileEncoding = 4; lastKnownFileType = sourcecode.c.h; path = GeneralViewController.h; sourceTree = "<group>"; };
		772E73481E694DF70093A16E /* GeneralViewController.m */ = {isa = PBXFileReference; fileEncoding = 4; lastKnownFileType = sourcecode.c.objc; path = GeneralViewController.m; sourceTree = "<group>"; };
		772E73491E694DF70093A16E /* ListViewController.h */ = {isa = PBXFileReference; fileEncoding = 4; lastKnownFileType = sourcecode.c.h; path = ListViewController.h; sourceTree = "<group>"; };
		772E734A1E694DF70093A16E /* ListViewController.m */ = {isa = PBXFileReference; fileEncoding = 4; lastKnownFileType = sourcecode.c.objc; path = ListViewController.m; sourceTree = "<group>"; };
		772E734D1E694DF70093A16E /* LoadingMoreViewCell.h */ = {isa = PBXFileReference; fileEncoding = 4; lastKnownFileType = sourcecode.c.h; path = LoadingMoreViewCell.h; sourceTree = "<group>"; };
		772E734E1E694DF70093A16E /* LoadingMoreViewCell.m */ = {isa = PBXFileReference; fileEncoding = 4; lastKnownFileType = sourcecode.c.objc; path = LoadingMoreViewCell.m; sourceTree = "<group>"; };
		772E734F1E694DF70093A16E /* TableViewCell.h */ = {isa = PBXFileReference; fileEncoding = 4; lastKnownFileType = sourcecode.c.h; path = TableViewCell.h; sourceTree = "<group>"; };
		772E73501E694DF70093A16E /* TableViewCell.m */ = {isa = PBXFileReference; fileEncoding = 4; lastKnownFileType = sourcecode.c.objc; path = TableViewCell.m; sourceTree = "<group>"; };
		7791775C1D2FAA1C00AC0A70 /* fast-template-Prefix.pch */ = {isa = PBXFileReference; lastKnownFileType = sourcecode.c.h; path = "fast-template-Prefix.pch"; sourceTree = "<group>"; };
		7791775D1D2FAA6600AC0A70 /* config.h */ = {isa = PBXFileReference; lastKnownFileType = sourcecode.c.h; path = config.h; sourceTree = "<group>"; };
		779D7AD51D2FA77F00DC98BB /* fast-template.app */ = {isa = PBXFileReference; explicitFileType = wrapper.application; includeInIndex = 0; path = "fast-template.app"; sourceTree = BUILT_PRODUCTS_DIR; };
		779D7AD91D2FA77F00DC98BB /* main.m */ = {isa = PBXFileReference; lastKnownFileType = sourcecode.c.objc; path = main.m; sourceTree = "<group>"; };
		779D7ADB1D2FA77F00DC98BB /* AppDelegate.h */ = {isa = PBXFileReference; lastKnownFileType = sourcecode.c.h; path = AppDelegate.h; sourceTree = "<group>"; };
		779D7ADC1D2FA77F00DC98BB /* AppDelegate.m */ = {isa = PBXFileReference; lastKnownFileType = sourcecode.c.objc; path = AppDelegate.m; sourceTree = "<group>"; };
		779D7ADE1D2FA77F00DC98BB /* ViewController.h */ = {isa = PBXFileReference; lastKnownFileType = sourcecode.c.h; path = ViewController.h; sourceTree = "<group>"; };
		779D7ADF1D2FA77F00DC98BB /* ViewController.m */ = {isa = PBXFileReference; lastKnownFileType = sourcecode.c.objc; path = ViewController.m; sourceTree = "<group>"; };
		779D7AE21D2FA77F00DC98BB /* Base */ = {isa = PBXFileReference; lastKnownFileType = file.storyboard; name = Base; path = Base.lproj/Main.storyboard; sourceTree = "<group>"; };
		779D7AE41D2FA77F00DC98BB /* Assets.xcassets */ = {isa = PBXFileReference; lastKnownFileType = folder.assetcatalog; path = Assets.xcassets; sourceTree = "<group>"; };
		779D7AE71D2FA77F00DC98BB /* Base */ = {isa = PBXFileReference; lastKnownFileType = file.storyboard; name = Base; path = Base.lproj/LaunchScreen.storyboard; sourceTree = "<group>"; };
		779D7AE91D2FA77F00DC98BB /* Info.plist */ = {isa = PBXFileReference; lastKnownFileType = text.plist.xml; path = Info.plist; sourceTree = "<group>"; };
		779D7AEE1D2FA77F00DC98BB /* fast-templateTests.xctest */ = {isa = PBXFileReference; explicitFileType = wrapper.cfbundle; includeInIndex = 0; path = "fast-templateTests.xctest"; sourceTree = BUILT_PRODUCTS_DIR; };
		779D7AF21D2FA77F00DC98BB /* fast_templateTests.m */ = {isa = PBXFileReference; lastKnownFileType = sourcecode.c.objc; path = fast_templateTests.m; sourceTree = "<group>"; };
		779D7AF41D2FA77F00DC98BB /* Info.plist */ = {isa = PBXFileReference; lastKnownFileType = text.plist.xml; path = Info.plist; sourceTree = "<group>"; };
		779D7AF91D2FA77F00DC98BB /* fast-templateUITests.xctest */ = {isa = PBXFileReference; explicitFileType = wrapper.cfbundle; includeInIndex = 0; path = "fast-templateUITests.xctest"; sourceTree = BUILT_PRODUCTS_DIR; };
		779D7AFD1D2FA77F00DC98BB /* fast_templateUITests.m */ = {isa = PBXFileReference; lastKnownFileType = sourcecode.c.objc; path = fast_templateUITests.m; sourceTree = "<group>"; };
		779D7AFF1D2FA77F00DC98BB /* Info.plist */ = {isa = PBXFileReference; lastKnownFileType = text.plist.xml; path = Info.plist; sourceTree = "<group>"; };
		8DEC3870148000BF52660958 /* Pods-fast-templateTests.debug.xcconfig */ = {isa = PBXFileReference; includeInIndex = 1; lastKnownFileType = text.xcconfig; name = "Pods-fast-templateTests.debug.xcconfig"; path = "Pods/Target Support Files/Pods-fast-templateTests/Pods-fast-templateTests.debug.xcconfig"; sourceTree = "<group>"; };
		9691FACD6EF6E65437C63215 /* Pods_fast_template.framework */ = {isa = PBXFileReference; explicitFileType = wrapper.framework; includeInIndex = 0; path = Pods_fast_template.framework; sourceTree = BUILT_PRODUCTS_DIR; };
		A115E49378FA69EAC25B0BF3 /* Pods_fast_templateUITests.framework */ = {isa = PBXFileReference; explicitFileType = wrapper.framework; includeInIndex = 0; path = Pods_fast_templateUITests.framework; sourceTree = BUILT_PRODUCTS_DIR; };
		B4F70D1F09AB907EF10B0F74 /* Pods_fast_templateTests.framework */ = {isa = PBXFileReference; explicitFileType = wrapper.framework; includeInIndex = 0; path = Pods_fast_templateTests.framework; sourceTree = BUILT_PRODUCTS_DIR; };
/* End PBXFileReference section */

/* Begin PBXFrameworksBuildPhase section */
		779D7AD21D2FA77F00DC98BB /* Frameworks */ = {
			isa = PBXFrameworksBuildPhase;
			buildActionMask = 2147483647;
			files = (
				9A2FC24149A0A564BB8EEF33 /* Pods_fast_template.framework in Frameworks */,
			);
			runOnlyForDeploymentPostprocessing = 0;
		};
		779D7AEB1D2FA77F00DC98BB /* Frameworks */ = {
			isa = PBXFrameworksBuildPhase;
			buildActionMask = 2147483647;
			files = (
				3733CFDCBA7DCD911F6E6801 /* Pods_fast_templateTests.framework in Frameworks */,
			);
			runOnlyForDeploymentPostprocessing = 0;
		};
		779D7AF61D2FA77F00DC98BB /* Frameworks */ = {
			isa = PBXFrameworksBuildPhase;
			buildActionMask = 2147483647;
			files = (
				26D8F8BA6C521D294437FE46 /* Pods_fast_templateUITests.framework in Frameworks */,
			);
			runOnlyForDeploymentPostprocessing = 0;
		};
/* End PBXFrameworksBuildPhase section */

/* Begin PBXGroup section */
		6101448765E595073D60DEEC /* Frameworks */ = {
			isa = PBXGroup;
			children = (
				9691FACD6EF6E65437C63215 /* Pods_fast_template.framework */,
				B4F70D1F09AB907EF10B0F74 /* Pods_fast_templateTests.framework */,
				A115E49378FA69EAC25B0BF3 /* Pods_fast_templateUITests.framework */,
			);
			name = Frameworks;
			sourceTree = "<group>";
		};
		772E73411E694DF70093A16E /* util */ = {
			isa = PBXGroup;
			children = (
				772E73421E694DF70093A16E /* LoadingUtil.h */,
				772E73431E694DF70093A16E /* LoadingUtil.m */,
			);
			path = util;
			sourceTree = "<group>";
		};
		772E73441E694DF70093A16E /* controller */ = {
			isa = PBXGroup;
			children = (
				772E73451E694DF70093A16E /* BaseViewController.h */,
				772E73461E694DF70093A16E /* BaseViewController.m */,
				772E73471E694DF70093A16E /* GeneralViewController.h */,
				772E73481E694DF70093A16E /* GeneralViewController.m */,
				772E73491E694DF70093A16E /* ListViewController.h */,
				772E734A1E694DF70093A16E /* ListViewController.m */,
			);
			path = controller;
			sourceTree = "<group>";
		};
		772E734B1E694DF70093A16E /* view */ = {
			isa = PBXGroup;
			children = (
				772E734C1E694DF70093A16E /* common */,
				772E734F1E694DF70093A16E /* TableViewCell.h */,
				772E73501E694DF70093A16E /* TableViewCell.m */,
			);
			path = view;
			sourceTree = "<group>";
		};
		772E734C1E694DF70093A16E /* common */ = {
			isa = PBXGroup;
			children = (
				772E734D1E694DF70093A16E /* LoadingMoreViewCell.h */,
				772E734E1E694DF70093A16E /* LoadingMoreViewCell.m */,
			);
			path = common;
			sourceTree = "<group>";
		};
		779D7ACC1D2FA77F00DC98BB = {
			isa = PBXGroup;
			children = (
				779D7AD71D2FA77F00DC98BB /* fast-template */,
				779D7AF11D2FA77F00DC98BB /* fast-templateTests */,
				779D7AFC1D2FA77F00DC98BB /* fast-templateUITests */,
				779D7AD61D2FA77F00DC98BB /* Products */,
				DD3DF94D775170356BCD13E9 /* Pods */,
				6101448765E595073D60DEEC /* Frameworks */,
			);
			sourceTree = "<group>";
		};
		779D7AD61D2FA77F00DC98BB /* Products */ = {
			isa = PBXGroup;
			children = (
				779D7AD51D2FA77F00DC98BB /* fast-template.app */,
				779D7AEE1D2FA77F00DC98BB /* fast-templateTests.xctest */,
				779D7AF91D2FA77F00DC98BB /* fast-templateUITests.xctest */,
			);
			name = Products;
			sourceTree = "<group>";
		};
		779D7AD71D2FA77F00DC98BB /* fast-template */ = {
			isa = PBXGroup;
			children = (
				772E73411E694DF70093A16E /* util */,
				772E73441E694DF70093A16E /* controller */,
				772E734B1E694DF70093A16E /* view */,
				779D7ADB1D2FA77F00DC98BB /* AppDelegate.h */,
				779D7ADC1D2FA77F00DC98BB /* AppDelegate.m */,
				779D7ADE1D2FA77F00DC98BB /* ViewController.h */,
				779D7ADF1D2FA77F00DC98BB /* ViewController.m */,
				779D7AE11D2FA77F00DC98BB /* Main.storyboard */,
				779D7AE41D2FA77F00DC98BB /* Assets.xcassets */,
				779D7AE61D2FA77F00DC98BB /* LaunchScreen.storyboard */,
				779D7AE91D2FA77F00DC98BB /* Info.plist */,
				779D7AD81D2FA77F00DC98BB /* Supporting Files */,
				7791775C1D2FAA1C00AC0A70 /* fast-template-Prefix.pch */,
				7791775D1D2FAA6600AC0A70 /* config.h */,
			);
			path = "fast-template";
			sourceTree = "<group>";
		};
		779D7AD81D2FA77F00DC98BB /* Supporting Files */ = {
			isa = PBXGroup;
			children = (
				779D7AD91D2FA77F00DC98BB /* main.m */,
			);
			name = "Supporting Files";
			sourceTree = "<group>";
		};
		779D7AF11D2FA77F00DC98BB /* fast-templateTests */ = {
			isa = PBXGroup;
			children = (
				779D7AF21D2FA77F00DC98BB /* fast_templateTests.m */,
				779D7AF41D2FA77F00DC98BB /* Info.plist */,
			);
			path = "fast-templateTests";
			sourceTree = "<group>";
		};
		779D7AFC1D2FA77F00DC98BB /* fast-templateUITests */ = {
			isa = PBXGroup;
			children = (
				779D7AFD1D2FA77F00DC98BB /* fast_templateUITests.m */,
				779D7AFF1D2FA77F00DC98BB /* Info.plist */,
			);
			path = "fast-templateUITests";
			sourceTree = "<group>";
		};
		DD3DF94D775170356BCD13E9 /* Pods */ = {
			isa = PBXGroup;
			children = (
				5E1953AA73F8EECACA41609A /* Pods-fast-template.debug.xcconfig */,
				3DD48D126E9A67440E6234A0 /* Pods-fast-template.release.xcconfig */,
				8DEC3870148000BF52660958 /* Pods-fast-templateTests.debug.xcconfig */,
				2D383545956E58E44542757D /* Pods-fast-templateTests.release.xcconfig */,
				17B211CDC3058FBA73632814 /* Pods-fast-templateUITests.debug.xcconfig */,
				310354C5083BDC9D94773127 /* Pods-fast-templateUITests.release.xcconfig */,
			);
			name = Pods;
			sourceTree = "<group>";
		};
/* End PBXGroup section */

/* Begin PBXNativeTarget section */
		779D7AD41D2FA77F00DC98BB /* fast-template */ = {
			isa = PBXNativeTarget;
			buildConfigurationList = 779D7B021D2FA77F00DC98BB /* Build configuration list for PBXNativeTarget "fast-template" */;
			buildPhases = (
				0C3C2C60610981600A05FBE6 /* [CP] Check Pods Manifest.lock */,
				779D7AD11D2FA77F00DC98BB /* Sources */,
				779D7AD21D2FA77F00DC98BB /* Frameworks */,
				779D7AD31D2FA77F00DC98BB /* Resources */,
				AD7A4BF3A2E41EB7E384D7DC /* [CP] Embed Pods Frameworks */,
				A2AD1692FB47F3ECC3E3530C /* [CP] Copy Pods Resources */,
			);
			buildRules = (
			);
			dependencies = (
			);
			name = "fast-template";
			productName = "fast-template";
			productReference = 779D7AD51D2FA77F00DC98BB /* fast-template.app */;
			productType = "com.apple.product-type.application";
		};
		779D7AED1D2FA77F00DC98BB /* fast-templateTests */ = {
			isa = PBXNativeTarget;
			buildConfigurationList = 779D7B051D2FA77F00DC98BB /* Build configuration list for PBXNativeTarget "fast-templateTests" */;
			buildPhases = (
				BFF04FB65E2C85C37ADA6189 /* [CP] Check Pods Manifest.lock */,
				779D7AEA1D2FA77F00DC98BB /* Sources */,
				779D7AEB1D2FA77F00DC98BB /* Frameworks */,
				779D7AEC1D2FA77F00DC98BB /* Resources */,
				8BDF74A3F81B92101AEF05E7 /* [CP] Embed Pods Frameworks */,
				E636C87796E8CF3EEA653B8D /* [CP] Copy Pods Resources */,
			);
			buildRules = (
			);
			dependencies = (
				779D7AF01D2FA77F00DC98BB /* PBXTargetDependency */,
			);
			name = "fast-templateTests";
			productName = "fast-templateTests";
			productReference = 779D7AEE1D2FA77F00DC98BB /* fast-templateTests.xctest */;
			productType = "com.apple.product-type.bundle.unit-test";
		};
		779D7AF81D2FA77F00DC98BB /* fast-templateUITests */ = {
			isa = PBXNativeTarget;
			buildConfigurationList = 779D7B081D2FA77F00DC98BB /* Build configuration list for PBXNativeTarget "fast-templateUITests" */;
			buildPhases = (
				A786A6C4A06AB1351E0DE3B0 /* [CP] Check Pods Manifest.lock */,
				779D7AF51D2FA77F00DC98BB /* Sources */,
				779D7AF61D2FA77F00DC98BB /* Frameworks */,
				779D7AF71D2FA77F00DC98BB /* Resources */,
				2B20A1C359BDDC4D15EEF0C2 /* [CP] Embed Pods Frameworks */,
				D80D25D6FAB7A0122B4AE8CF /* [CP] Copy Pods Resources */,
			);
			buildRules = (
			);
			dependencies = (
				779D7AFB1D2FA77F00DC98BB /* PBXTargetDependency */,
			);
			name = "fast-templateUITests";
			productName = "fast-templateUITests";
			productReference = 779D7AF91D2FA77F00DC98BB /* fast-templateUITests.xctest */;
			productType = "com.apple.product-type.bundle.ui-testing";
		};
/* End PBXNativeTarget section */

/* Begin PBXProject section */
		779D7ACD1D2FA77F00DC98BB /* Project object */ = {
			isa = PBXProject;
			attributes = {
				LastUpgradeCheck = 0730;
				ORGANIZATIONNAME = lingyfh;
				TargetAttributes = {
					779D7AD41D2FA77F00DC98BB = {
						CreatedOnToolsVersion = 7.3;
					};
					779D7AED1D2FA77F00DC98BB = {
						CreatedOnToolsVersion = 7.3;
						TestTargetID = 779D7AD41D2FA77F00DC98BB;
					};
					779D7AF81D2FA77F00DC98BB = {
						CreatedOnToolsVersion = 7.3;
						TestTargetID = 779D7AD41D2FA77F00DC98BB;
					};
				};
			};
			buildConfigurationList = 779D7AD01D2FA77F00DC98BB /* Build configuration list for PBXProject "fast-template" */;
			compatibilityVersion = "Xcode 3.2";
			developmentRegion = English;
			hasScannedForEncodings = 0;
			knownRegions = (
				en,
				Base,
			);
			mainGroup = 779D7ACC1D2FA77F00DC98BB;
			productRefGroup = 779D7AD61D2FA77F00DC98BB /* Products */;
			projectDirPath = "";
			projectRoot = "";
			targets = (
				779D7AD41D2FA77F00DC98BB /* fast-template */,
				779D7AED1D2FA77F00DC98BB /* fast-templateTests */,
				779D7AF81D2FA77F00DC98BB /* fast-templateUITests */,
			);
		};
/* End PBXProject section */

/* Begin PBXResourcesBuildPhase section */
		779D7AD31D2FA77F00DC98BB /* Resources */ = {
			isa = PBXResourcesBuildPhase;
			buildActionMask = 2147483647;
			files = (
				779D7AE81D2FA77F00DC98BB /* LaunchScreen.storyboard in Resources */,
				779D7AE51D2FA77F00DC98BB /* Assets.xcassets in Resources */,
				779D7AE31D2FA77F00DC98BB /* Main.storyboard in Resources */,
			);
			runOnlyForDeploymentPostprocessing = 0;
		};
		779D7AEC1D2FA77F00DC98BB /* Resources */ = {
			isa = PBXResourcesBuildPhase;
			buildActionMask = 2147483647;
			files = (
			);
			runOnlyForDeploymentPostprocessing = 0;
		};
		779D7AF71D2FA77F00DC98BB /* Resources */ = {
			isa = PBXResourcesBuildPhase;
			buildActionMask = 2147483647;
			files = (
			);
			runOnlyForDeploymentPostprocessing = 0;
		};
/* End PBXResourcesBuildPhase section */

/* Begin PBXShellScriptBuildPhase section */
		0C3C2C60610981600A05FBE6 /* [CP] Check Pods Manifest.lock */ = {
			isa = PBXShellScriptBuildPhase;
			buildActionMask = 2147483647;
			files = (
			);
			inputPaths = (
			);
			name = "[CP] Check Pods Manifest.lock";
			outputPaths = (
			);
			runOnlyForDeploymentPostprocessing = 0;
			shellPath = /bin/sh;
			shellScript = "diff \"${PODS_ROOT}/../Podfile.lock\" \"${PODS_ROOT}/Manifest.lock\" > /dev/null\nif [ $? != 0 ] ; then\n    # print error to STDERR\n    echo \"error: The sandbox is not in sync with the Podfile.lock. Run 'pod install' or update your CocoaPods installation.\" >&2\n    exit 1\nfi\n";
			showEnvVarsInLog = 0;
		};
		2B20A1C359BDDC4D15EEF0C2 /* [CP] Embed Pods Frameworks */ = {
			isa = PBXShellScriptBuildPhase;
			buildActionMask = 2147483647;
			files = (
			);
			inputPaths = (
			);
			name = "[CP] Embed Pods Frameworks";
			outputPaths = (
			);
			runOnlyForDeploymentPostprocessing = 0;
			shellPath = /bin/sh;
			shellScript = "\"${SRCROOT}/Pods/Target Support Files/Pods-fast-templateUITests/Pods-fast-templateUITests-frameworks.sh\"\n";
			showEnvVarsInLog = 0;
		};
		8BDF74A3F81B92101AEF05E7 /* [CP] Embed Pods Frameworks */ = {
			isa = PBXShellScriptBuildPhase;
			buildActionMask = 2147483647;
			files = (
			);
			inputPaths = (
			);
			name = "[CP] Embed Pods Frameworks";
			outputPaths = (
			);
			runOnlyForDeploymentPostprocessing = 0;
			shellPath = /bin/sh;
			shellScript = "\"${SRCROOT}/Pods/Target Support Files/Pods-fast-templateTests/Pods-fast-templateTests-frameworks.sh\"\n";
			showEnvVarsInLog = 0;
		};
		A2AD1692FB47F3ECC3E3530C /* [CP] Copy Pods Resources */ = {
			isa = PBXShellScriptBuildPhase;
			buildActionMask = 2147483647;
			files = (
			);
			inputPaths = (
			);
			name = "[CP] Copy Pods Resources";
			outputPaths = (
			);
			runOnlyForDeploymentPostprocessing = 0;
			shellPath = /bin/sh;
			shellScript = "\"${SRCROOT}/Pods/Target Support Files/Pods-fast-template/Pods-fast-template-resources.sh\"\n";
			showEnvVarsInLog = 0;
		};
		A786A6C4A06AB1351E0DE3B0 /* [CP] Check Pods Manifest.lock */ = {
			isa = PBXShellScriptBuildPhase;
			buildActionMask = 2147483647;
			files = (
			);
			inputPaths = (
			);
			name = "[CP] Check Pods Manifest.lock";
			outputPaths = (
			);
			runOnlyForDeploymentPostprocessing = 0;
			shellPath = /bin/sh;
			shellScript = "diff \"${PODS_ROOT}/../Podfile.lock\" \"${PODS_ROOT}/Manifest.lock\" > /dev/null\nif [ $? != 0 ] ; then\n    # print error to STDERR\n    echo \"error: The sandbox is not in sync with the Podfile.lock. Run 'pod install' or update your CocoaPods installation.\" >&2\n    exit 1\nfi\n";
			showEnvVarsInLog = 0;
		};
		AD7A4BF3A2E41EB7E384D7DC /* [CP] Embed Pods Frameworks */ = {
			isa = PBXShellScriptBuildPhase;
			buildActionMask = 2147483647;
			files = (
			);
			inputPaths = (
			);
			name = "[CP] Embed Pods Frameworks";
			outputPaths = (
			);
			runOnlyForDeploymentPostprocessing = 0;
			shellPath = /bin/sh;
			shellScript = "\"${SRCROOT}/Pods/Target Support Files/Pods-fast-template/Pods-fast-template-frameworks.sh\"\n";
			showEnvVarsInLog = 0;
		};
		BFF04FB65E2C85C37ADA6189 /* [CP] Check Pods Manifest.lock */ = {
			isa = PBXShellScriptBuildPhase;
			buildActionMask = 2147483647;
			files = (
			);
			inputPaths = (
			);
			name = "[CP] Check Pods Manifest.lock";
			outputPaths = (
			);
			runOnlyForDeploymentPostprocessing = 0;
			shellPath = /bin/sh;
			shellScript = "diff \"${PODS_ROOT}/../Podfile.lock\" \"${PODS_ROOT}/Manifest.lock\" > /dev/null\nif [ $? != 0 ] ; then\n    # print error to STDERR\n    echo \"error: The sandbox is not in sync with the Podfile.lock. Run 'pod install' or update your CocoaPods installation.\" >&2\n    exit 1\nfi\n";
			showEnvVarsInLog = 0;
		};
		D80D25D6FAB7A0122B4AE8CF /* [CP] Copy Pods Resources */ = {
			isa = PBXShellScriptBuildPhase;
			buildActionMask = 2147483647;
			files = (
			);
			inputPaths = (
			);
			name = "[CP] Copy Pods Resources";
			outputPaths = (
			);
			runOnlyForDeploymentPostprocessing = 0;
			shellPath = /bin/sh;
			shellScript = "\"${SRCROOT}/Pods/Target Support Files/Pods-fast-templateUITests/Pods-fast-templateUITests-resources.sh\"\n";
			showEnvVarsInLog = 0;
		};
		E636C87796E8CF3EEA653B8D /* [CP] Copy Pods Resources */ = {
			isa = PBXShellScriptBuildPhase;
			buildActionMask = 2147483647;
			files = (
			);
			inputPaths = (
			);
			name = "[CP] Copy Pods Resources";
			outputPaths = (
			);
			runOnlyForDeploymentPostprocessing = 0;
			shellPath = /bin/sh;
			shellScript = "\"${SRCROOT}/Pods/Target Support Files/Pods-fast-templateTests/Pods-fast-templateTests-resources.sh\"\n";
			showEnvVarsInLog = 0;
		};
/* End PBXShellScriptBuildPhase section */

/* Begin PBXSourcesBuildPhase section */
		779D7AD11D2FA77F00DC98BB /* Sources */ = {
			isa = PBXSourcesBuildPhase;
			buildActionMask = 2147483647;
			files = (
				772E73511E694DF70093A16E /* LoadingUtil.m in Sources */,
				772E73531E694DF70093A16E /* GeneralViewController.m in Sources */,
				772E73541E694DF70093A16E /* ListViewController.m in Sources */,
				772E73521E694DF70093A16E /* BaseViewController.m in Sources */,
				772E73561E694DF70093A16E /* TableViewCell.m in Sources */,
				772E73551E694DF70093A16E /* LoadingMoreViewCell.m in Sources */,
				779D7AE01D2FA77F00DC98BB /* ViewController.m in Sources */,
				779D7ADD1D2FA77F00DC98BB /* AppDelegate.m in Sources */,
				779D7ADA1D2FA77F00DC98BB /* main.m in Sources */,
			);
			runOnlyForDeploymentPostprocessing = 0;
		};
		779D7AEA1D2FA77F00DC98BB /* Sources */ = {
			isa = PBXSourcesBuildPhase;
			buildActionMask = 2147483647;
			files = (
				779D7AF31D2FA77F00DC98BB /* fast_templateTests.m in Sources */,
			);
			runOnlyForDeploymentPostprocessing = 0;
		};
		779D7AF51D2FA77F00DC98BB /* Sources */ = {
			isa = PBXSourcesBuildPhase;
			buildActionMask = 2147483647;
			files = (
				779D7AFE1D2FA77F00DC98BB /* fast_templateUITests.m in Sources */,
			);
			runOnlyForDeploymentPostprocessing = 0;
		};
/* End PBXSourcesBuildPhase section */

/* Begin PBXTargetDependency section */
		779D7AF01D2FA77F00DC98BB /* PBXTargetDependency */ = {
			isa = PBXTargetDependency;
			target = 779D7AD41D2FA77F00DC98BB /* fast-template */;
			targetProxy = 779D7AEF1D2FA77F00DC98BB /* PBXContainerItemProxy */;
		};
		779D7AFB1D2FA77F00DC98BB /* PBXTargetDependency */ = {
			isa = PBXTargetDependency;
			target = 779D7AD41D2FA77F00DC98BB /* fast-template */;
			targetProxy = 779D7AFA1D2FA77F00DC98BB /* PBXContainerItemProxy */;
		};
/* End PBXTargetDependency section */

/* Begin PBXVariantGroup section */
		779D7AE11D2FA77F00DC98BB /* Main.storyboard */ = {
			isa = PBXVariantGroup;
			children = (
				779D7AE21D2FA77F00DC98BB /* Base */,
			);
			name = Main.storyboard;
			sourceTree = "<group>";
		};
		779D7AE61D2FA77F00DC98BB /* LaunchScreen.storyboard */ = {
			isa = PBXVariantGroup;
			children = (
				779D7AE71D2FA77F00DC98BB /* Base */,
			);
			name = LaunchScreen.storyboard;
			sourceTree = "<group>";
		};
/* End PBXVariantGroup section */

/* Begin XCBuildConfiguration section */
		779D7B001D2FA77F00DC98BB /* Debug */ = {
			isa = XCBuildConfiguration;
			buildSettings = {
				ALWAYS_SEARCH_USER_PATHS = NO;
				CLANG_ANALYZER_NONNULL = YES;
				CLANG_CXX_LANGUAGE_STANDARD = "gnu++0x";
				CLANG_CXX_LIBRARY = "libc++";
				CLANG_ENABLE_MODULES = YES;
				CLANG_ENABLE_OBJC_ARC = YES;
				CLANG_WARN_BOOL_CONVERSION = YES;
				CLANG_WARN_CONSTANT_CONVERSION = YES;
				CLANG_WARN_DIRECT_OBJC_ISA_USAGE = YES_ERROR;
				CLANG_WARN_EMPTY_BODY = YES;
				CLANG_WARN_ENUM_CONVERSION = YES;
				CLANG_WARN_INT_CONVERSION = YES;
				CLANG_WARN_OBJC_ROOT_CLASS = YES_ERROR;
				CLANG_WARN_UNREACHABLE_CODE = YES;
				CLANG_WARN__DUPLICATE_METHOD_MATCH = YES;
				"CODE_SIGN_IDENTITY[sdk=iphoneos*]" = "iPhone Developer";
				COPY_PHASE_STRIP = NO;
				DEBUG_INFORMATION_FORMAT = dwarf;
				ENABLE_STRICT_OBJC_MSGSEND = YES;
				ENABLE_TESTABILITY = YES;
				GCC_C_LANGUAGE_STANDARD = gnu99;
				GCC_DYNAMIC_NO_PIC = NO;
				GCC_NO_COMMON_BLOCKS = YES;
				GCC_OPTIMIZATION_LEVEL = 0;
				GCC_PREPROCESSOR_DEFINITIONS = (
					"DEBUG=1",
					"$(inherited)",
				);
				GCC_WARN_64_TO_32_BIT_CONVERSION = YES;
				GCC_WARN_ABOUT_RETURN_TYPE = YES_ERROR;
				GCC_WARN_UNDECLARED_SELECTOR = YES;
				GCC_WARN_UNINITIALIZED_AUTOS = YES_AGGRESSIVE;
				GCC_WARN_UNUSED_FUNCTION = YES;
				GCC_WARN_UNUSED_VARIABLE = YES;
				IPHONEOS_DEPLOYMENT_TARGET = 9.3;
				MTL_ENABLE_DEBUG_INFO = YES;
				ONLY_ACTIVE_ARCH = YES;
				SDKROOT = iphoneos;
				TARGETED_DEVICE_FAMILY = "1,2";
			};
			name = Debug;
		};
		779D7B011D2FA77F00DC98BB /* Release */ = {
			isa = XCBuildConfiguration;
			buildSettings = {
				ALWAYS_SEARCH_USER_PATHS = NO;
				CLANG_ANALYZER_NONNULL = YES;
				CLANG_CXX_LANGUAGE_STANDARD = "gnu++0x";
				CLANG_CXX_LIBRARY = "libc++";
				CLANG_ENABLE_MODULES = YES;
				CLANG_ENABLE_OBJC_ARC = YES;
				CLANG_WARN_BOOL_CONVERSION = YES;
				CLANG_WARN_CONSTANT_CONVERSION = YES;
				CLANG_WARN_DIRECT_OBJC_ISA_USAGE = YES_ERROR;
				CLANG_WARN_EMPTY_BODY = YES;
				CLANG_WARN_ENUM_CONVERSION = YES;
				CLANG_WARN_INT_CONVERSION = YES;
				CLANG_WARN_OBJC_ROOT_CLASS = YES_ERROR;
				CLANG_WARN_UNREACHABLE_CODE = YES;
				CLANG_WARN__DUPLICATE_METHOD_MATCH = YES;
				"CODE_SIGN_IDENTITY[sdk=iphoneos*]" = "iPhone Developer";
				COPY_PHASE_STRIP = NO;
				DEBUG_INFORMATION_FORMAT = "dwarf-with-dsym";
				ENABLE_NS_ASSERTIONS = NO;
				ENABLE_STRICT_OBJC_MSGSEND = YES;
				GCC_C_LANGUAGE_STANDARD = gnu99;
				GCC_NO_COMMON_BLOCKS = YES;
				GCC_WARN_64_TO_32_BIT_CONVERSION = YES;
				GCC_WARN_ABOUT_RETURN_TYPE = YES_ERROR;
				GCC_WARN_UNDECLARED_SELECTOR = YES;
				GCC_WARN_UNINITIALIZED_AUTOS = YES_AGGRESSIVE;
				GCC_WARN_UNUSED_FUNCTION = YES;
				GCC_WARN_UNUSED_VARIABLE = YES;
				IPHONEOS_DEPLOYMENT_TARGET = 9.3;
				MTL_ENABLE_DEBUG_INFO = NO;
				SDKROOT = iphoneos;
				TARGETED_DEVICE_FAMILY = "1,2";
				VALIDATE_PRODUCT = YES;
			};
			name = Release;
		};
		779D7B031D2FA77F00DC98BB /* Debug */ = {
			isa = XCBuildConfiguration;
			baseConfigurationReference = 5E1953AA73F8EECACA41609A /* Pods-fast-template.debug.xcconfig */;
			buildSettings = {
				ASSETCATALOG_COMPILER_APPICON_NAME = AppIcon;
				GCC_PREFIX_HEADER = "fast-template/fast-template-Prefix.pch";
				INFOPLIST_FILE = "fast-template/Info.plist";
				IPHONEOS_DEPLOYMENT_TARGET = 8.0;
				LD_RUNPATH_SEARCH_PATHS = "$(inherited) @executable_path/Frameworks";
				PRODUCT_BUNDLE_IDENTIFIER = "com.lingyfh.fast-template";
				PRODUCT_NAME = "$(TARGET_NAME)";
				TARGETED_DEVICE_FAMILY = 1;
			};
			name = Debug;
		};
		779D7B041D2FA77F00DC98BB /* Release */ = {
			isa = XCBuildConfiguration;
			baseConfigurationReference = 3DD48D126E9A67440E6234A0 /* Pods-fast-template.release.xcconfig */;
			buildSettings = {
				ASSETCATALOG_COMPILER_APPICON_NAME = AppIcon;
				GCC_PREFIX_HEADER = "fast-template/fast-template-Prefix.pch";
				INFOPLIST_FILE = "fast-template/Info.plist";
				IPHONEOS_DEPLOYMENT_TARGET = 8.0;
				LD_RUNPATH_SEARCH_PATHS = "$(inherited) @executable_path/Frameworks";
				PRODUCT_BUNDLE_IDENTIFIER = "com.lingyfh.fast-template";
				PRODUCT_NAME = "$(TARGET_NAME)";
				TARGETED_DEVICE_FAMILY = 1;
			};
			name = Release;
		};
		779D7B061D2FA77F00DC98BB /* Debug */ = {
			isa = XCBuildConfiguration;
			baseConfigurationReference = 8DEC3870148000BF52660958 /* Pods-fast-templateTests.debug.xcconfig */;
			buildSettings = {
				BUNDLE_LOADER = "$(TEST_HOST)";
				INFOPLIST_FILE = "fast-templateTests/Info.plist";
				LD_RUNPATH_SEARCH_PATHS = "$(inherited) @executable_path/Frameworks @loader_path/Frameworks";
				PRODUCT_BUNDLE_IDENTIFIER = "com.lingyfh.fast-templateTests";
				PRODUCT_NAME = "$(TARGET_NAME)";
				TEST_HOST = "$(BUILT_PRODUCTS_DIR)/fast-template.app/fast-template";
			};
			name = Debug;
		};
		779D7B071D2FA77F00DC98BB /* Release */ = {
			isa = XCBuildConfiguration;
			baseConfigurationReference = 2D383545956E58E44542757D /* Pods-fast-templateTests.release.xcconfig */;
			buildSettings = {
				BUNDLE_LOADER = "$(TEST_HOST)";
				INFOPLIST_FILE = "fast-templateTests/Info.plist";
				LD_RUNPATH_SEARCH_PATHS = "$(inherited) @executable_path/Frameworks @loader_path/Frameworks";
				PRODUCT_BUNDLE_IDENTIFIER = "com.lingyfh.fast-templateTests";
				PRODUCT_NAME = "$(TARGET_NAME)";
				TEST_HOST = "$(BUILT_PRODUCTS_DIR)/fast-template.app/fast-template";
			};
			name = Release;
		};
		779D7B091D2FA77F00DC98BB /* Debug */ = {
			isa = XCBuildConfiguration;
			baseConfigurationReference = 17B211CDC3058FBA73632814 /* Pods-fast-templateUITests.debug.xcconfig */;
			buildSettings = {
				INFOPLIST_FILE = "fast-templateUITests/Info.plist";
				LD_RUNPATH_SEARCH_PATHS = "$(inherited) @executable_path/Frameworks @loader_path/Frameworks";
				PRODUCT_BUNDLE_IDENTIFIER = "com.lingyfh.fast-templateUITests";
				PRODUCT_NAME = "$(TARGET_NAME)";
				TEST_TARGET_NAME = "fast-template";
			};
			name = Debug;
		};
		779D7B0A1D2FA77F00DC98BB /* Release */ = {
			isa = XCBuildConfiguration;
			baseConfigurationReference = 310354C5083BDC9D94773127 /* Pods-fast-templateUITests.release.xcconfig */;
			buildSettings = {
				INFOPLIST_FILE = "fast-templateUITests/Info.plist";
				LD_RUNPATH_SEARCH_PATHS = "$(inherited) @executable_path/Frameworks @loader_path/Frameworks";
				PRODUCT_BUNDLE_IDENTIFIER = "com.lingyfh.fast-templateUITests";
				PRODUCT_NAME = "$(TARGET_NAME)";
				TEST_TARGET_NAME = "fast-template";
			};
			name = Release;
		};
/* End XCBuildConfiguration section */

/* Begin XCConfigurationList section */
		779D7AD01D2FA77F00DC98BB /* Build configuration list for PBXProject "fast-template" */ = {
			isa = XCConfigurationList;
			buildConfigurations = (
				779D7B001D2FA77F00DC98BB /* Debug */,
				779D7B011D2FA77F00DC98BB /* Release */,
			);
			defaultConfigurationIsVisible = 0;
			defaultConfigurationName = Release;
		};
		779D7B021D2FA77F00DC98BB /* Build configuration list for PBXNativeTarget "fast-template" */ = {
			isa = XCConfigurationList;
			buildConfigurations = (
				779D7B031D2FA77F00DC98BB /* Debug */,
				779D7B041D2FA77F00DC98BB /* Release */,
			);
			defaultConfigurationIsVisible = 0;
			defaultConfigurationName = Release;
		};
		779D7B051D2FA77F00DC98BB /* Build configuration list for PBXNativeTarget "fast-templateTests" */ = {
			isa = XCConfigurationList;
			buildConfigurations = (
				779D7B061D2FA77F00DC98BB /* Debug */,
				779D7B071D2FA77F00DC98BB /* Release */,
			);
			defaultConfigurationIsVisible = 0;
			defaultConfigurationName = Release;
		};
		779D7B081D2FA77F00DC98BB /* Build configuration list for PBXNativeTarget "fast-templateUITests" */ = {
			isa = XCConfigurationList;
			buildConfigurations = (
				779D7B091D2FA77F00DC98BB /* Debug */,
				779D7B0A1D2FA77F00DC98BB /* Release */,
			);
			defaultConfigurationIsVisible = 0;
			defaultConfigurationName = Release;
		};
/* End XCConfigurationList section */
	};
	rootObject = 779D7ACD1D2FA77F00DC98BB /* Project object */;
}
